
Microsoft Visual Studio Solution File, Format Version 12.00
# Visual Studio Version 17
VisualStudioVersion = 17.9.34701.34
MinimumVisualStudioVersion = 10.0.40219.1
Project("{FAE04EC0-301F-11D3-BF4B-00C04F79EFBC}") = "DomaciZadatakPP_Matrice", "DomaciZadatakPP_Matrice\DomaciZadatakPP_Matrice.csproj", "{9162141F-FD60-40AB-BB64-F0CBDB5A1739}"
EndProject
Global
	GlobalSection(SolutionConfigurationPlatforms) = preSolution
		Debug|Any CPU = Debug|Any CPU
		Release|Any CPU = Release|Any CPU
	EndGlobalSection
	GlobalSection(ProjectConfigurationPlatforms) = postSolution
		{9162141F-FD60-40AB-BB64-F0CBDB5A1739}.Debug|Any CPU.ActiveCfg = Debug|Any CPU
		{9162141F-FD60-40AB-BB64-F0CBDB5A1739}.Debug|Any CPU.Build.0 = Debug|Any CPU
		{9162141F-FD60-40AB-BB64-F0CBDB5A1739}.Release|Any CPU.ActiveCfg = Release|Any CPU
		{9162141F-FD60-40AB-BB64-F0CBDB5A1739}.Release|Any CPU.Build.0 = Release|Any CPU
	EndGlobalSection
	GlobalSection(SolutionProperties) = preSolution
		HideSolutionNode = FALSE
	EndGlobalSection
	GlobalSection(ExtensibilityGlobals) = postSolution
		SolutionGuid = {F18A90B6-2C4D-4895-B968-9B92F89F9E85}
	EndGlobalSection
EndGlobal
